{
    "name": "tree-changes",
    "version": "1.0.0",
    "lockfileVersion": 2,
    "requires": true,
    "packages": {
        "": {
            "name": "tree-changes",
            "version": "1.0.0",
            "license": "MIT",
            "dependencies": {
                "nested-property": "file:node_modules/nested-property"
            },
            "devDependencies": {}
        },
        "node_modules/nested-property": {
            "version": "1.0.0",
            "resolved": "file:node_modules/nested-property/nested-property",
            "license": "MIT"
        }
    },
    "dependencies": {
        "nested-property": {
            "version": "1.0.0"
        }
    }
}
