{
    "name": "scratch-blocks",
    "version": "1.0.0",
    "lockfileVersion": 2,
    "requires": true,
    "packages": {
        "": {
            "name": "scratch-blocks",
            "version": "1.0.0",
            "license": "ISC",
            "dependencies": {
                "exports-loader": "^0.6.3",
                "imports-loader": "^0.6.5"
            }
        },
        "node_modules/amdefine": {
            "version": "1.0.1",
            "resolved": "https://registry.npmjs.org/amdefine/-/amdefine-1.0.1.tgz",
            "integrity": "sha512-S2Hw0TtNkMJhIabBwIojKL9YHO5T0n5eNqWJ7Lrlel/zDbftQpxpapi8tZs3X1HWa+u+QeydGmzzNU0m09+Rcg==",
            "engines": {
                "node": ">=0.4.2"
            }
        },
        "node_modules/big.js": {
            "version": "3.2.0",
            "resolved": "https://registry.npmjs.org/big.js/-/big.js-3.2.0.tgz",
            "integrity": "sha512-+hN/Zh2D08Mx65pZ/4g5bsmNiZUuChDiQfTUQ7qJr4/kuopCr88xZsAXv6mBoZEsUI4OuGHlX59qE94K2mMW8Q==",
            "engines": {
                "node": "*"
            }
        },
        "node_modules/emojis-list": {
            "version": "2.1.0",
            "resolved": "https://registry.npmjs.org/emojis-list/-/emojis-list-2.1.0.tgz",
            "integrity": "sha512-knHEZMgs8BB+MInokmNTg/OyPlAddghe1YBgNwJBc5zsJi/uyIcXoSDsL/W9ymOsBoBGdPIHXYJ9+qKFwRwDng==",
            "engines": {
                "node": ">= 0.10"
            }
        },
        "node_modules/exports-loader": {
            "version": "0.6.3",
            "resolved": "https://registry.npmjs.org/exports-loader/-/exports-loader-0.6.3.tgz",
            "integrity": "sha512-vBQgTnvmEB7qWmr7gzAzJRWptzYhkhvdXeH8sRnS//mIai6MgLZe1crlQ+VWTjCCXLlnhGuiuVMq0YfjA5AUOw==",
            "dependencies": {
                "loader-utils": "0.2.x",
                "source-map": "0.1.x"
            }
        },
        "node_modules/imports-loader": {
            "version": "0.6.5",
            "resolved": "https://registry.npmjs.org/imports-loader/-/imports-loader-0.6.5.tgz",
            "integrity": "sha512-fYIzBL9JOzJszvfeSGSKVjAtkWEtPUwP+OWiUxIWApcxsYh3iqZWZAp8xjTuhsvqglhqaetxeLLTaYyxIv1d4Q==",
            "dependencies": {
                "loader-utils": "0.2.x",
                "source-map": "0.1.x"
            }
        },
        "node_modules/json5": {
            "version": "0.5.1",
            "resolved": "https://registry.npmjs.org/json5/-/json5-0.5.1.tgz",
            "integrity": "sha512-4xrs1aW+6N5DalkqSVA8fxh458CXvR99WU8WLKmq4v8eWAL86Xo3BVqyd3SkA9wEVjCMqyvvRRkshAdOnBp5rw==",
            "bin": {
                "json5": "lib/cli.js"
            }
        },
        "node_modules/loader-utils": {
            "version": "0.2.17",
            "resolved": "https://registry.npmjs.org/loader-utils/-/loader-utils-0.2.17.tgz",
            "integrity": "sha512-tiv66G0SmiOx+pLWMtGEkfSEejxvb6N6uRrQjfWJIT79W9GMpgKeCAmm9aVBKtd4WEgntciI8CsGqjpDoCWJug==",
            "dependencies": {
                "big.js": "^3.1.3",
                "emojis-list": "^2.0.0",
                "json5": "^0.5.0",
                "object-assign": "^4.0.1"
            }
        },
        "node_modules/object-assign": {
            "version": "4.1.1",
            "resolved": "https://registry.npmjs.org/object-assign/-/object-assign-4.1.1.tgz",
            "integrity": "sha512-rJgTQnkUnH1sFw8yT6VSU3zD3sWmu6sZhIseY8VX+GRu3P6F7Fu+JNDoXfklElbLJSnc3FUQHVe4cU5hj+BcUg==",
            "engines": {
                "node": ">=0.10.0"
            }
        },
        "node_modules/source-map": {
            "version": "0.1.43",
            "resolved": "https://registry.npmjs.org/source-map/-/source-map-0.1.43.tgz",
            "integrity": "sha512-VtCvB9SIQhk3aF6h+N85EaqIaBFIAfZ9Cu+NJHHVvc8BbEcnvDcFw6sqQ2dQrT6SlOrZq3tIvyD9+EGq/lJryQ==",
            "dependencies": {
                "amdefine": ">=0.0.4"
            },
            "engines": {
                "node": ">=0.8.0"
            }
        }
    },
    "dependencies": {
        "amdefine": {
            "version": "1.0.1",
            "resolved": "https://registry.npmjs.org/amdefine/-/amdefine-1.0.1.tgz",
            "integrity": "sha512-S2Hw0TtNkMJhIabBwIojKL9YHO5T0n5eNqWJ7Lrlel/zDbftQpxpapi8tZs3X1HWa+u+QeydGmzzNU0m09+Rcg=="
        },
        "big.js": {
            "version": "3.2.0",
            "resolved": "https://registry.npmjs.org/big.js/-/big.js-3.2.0.tgz",
            "integrity": "sha512-+hN/Zh2D08Mx65pZ/4g5bsmNiZUuChDiQfTUQ7qJr4/kuopCr88xZsAXv6mBoZEsUI4OuGHlX59qE94K2mMW8Q=="
        },
        "emojis-list": {
            "version": "2.1.0",
            "resolved": "https://registry.npmjs.org/emojis-list/-/emojis-list-2.1.0.tgz",
            "integrity": "sha512-knHEZMgs8BB+MInokmNTg/OyPlAddghe1YBgNwJBc5zsJi/uyIcXoSDsL/W9ymOsBoBGdPIHXYJ9+qKFwRwDng=="
        },
        "exports-loader": {
            "version": "0.6.3",
            "resolved": "https://registry.npmjs.org/exports-loader/-/exports-loader-0.6.3.tgz",
            "integrity": "sha512-vBQgTnvmEB7qWmr7gzAzJRWptzYhkhvdXeH8sRnS//mIai6MgLZe1crlQ+VWTjCCXLlnhGuiuVMq0YfjA5AUOw==",
            "requires": {
                "loader-utils": "0.2.x",
                "source-map": "0.1.x"
            }
        },
        "imports-loader": {
            "version": "0.6.5",
            "resolved": "https://registry.npmjs.org/imports-loader/-/imports-loader-0.6.5.tgz",
            "integrity": "sha512-fYIzBL9JOzJszvfeSGSKVjAtkWEtPUwP+OWiUxIWApcxsYh3iqZWZAp8xjTuhsvqglhqaetxeLLTaYyxIv1d4Q==",
            "requires": {
                "loader-utils": "0.2.x",
                "source-map": "0.1.x"
            }
        },
        "json5": {
            "version": "0.5.1",
            "resolved": "https://registry.npmjs.org/json5/-/json5-0.5.1.tgz",
            "integrity": "sha512-4xrs1aW+6N5DalkqSVA8fxh458CXvR99WU8WLKmq4v8eWAL86Xo3BVqyd3SkA9wEVjCMqyvvRRkshAdOnBp5rw=="
        },
        "loader-utils": {
            "version": "0.2.17",
            "resolved": "https://registry.npmjs.org/loader-utils/-/loader-utils-0.2.17.tgz",
            "integrity": "sha512-tiv66G0SmiOx+pLWMtGEkfSEejxvb6N6uRrQjfWJIT79W9GMpgKeCAmm9aVBKtd4WEgntciI8CsGqjpDoCWJug==",
            "requires": {
                "big.js": "^3.1.3",
                "emojis-list": "^2.0.0",
                "json5": "^0.5.0",
                "object-assign": "^4.0.1"
            }
        },
        "object-assign": {
            "version": "4.1.1",
            "resolved": "https://registry.npmjs.org/object-assign/-/object-assign-4.1.1.tgz",
            "integrity": "sha512-rJgTQnkUnH1sFw8yT6VSU3zD3sWmu6sZhIseY8VX+GRu3P6F7Fu+JNDoXfklElbLJSnc3FUQHVe4cU5hj+BcUg=="
        },
        "source-map": {
            "version": "0.1.43",
            "resolved": "https://registry.npmjs.org/source-map/-/source-map-0.1.43.tgz",
            "integrity": "sha512-VtCvB9SIQhk3aF6h+N85EaqIaBFIAfZ9Cu+NJHHVvc8BbEcnvDcFw6sqQ2dQrT6SlOrZq3tIvyD9+EGq/lJryQ==",
            "requires": {
                "amdefine": ">=0.0.4"
            }
        }
    }
}
